{
  "name": "deploy-101",
  "version": "1.0.0",
  "lockfileVersion": 1,
  "requires": true,
  "dependencies": {
    "@mitchallen/lambda-adapter": {
      "version": "0.3.0",
      "resolved": "https://registry.npmjs.org/@mitchallen/lambda-adapter/-/lambda-adapter-0.3.0.tgz",
      "integrity": "sha1-CGwvU++vyBJ0VExzcL22Pp1nzX8=",
      "requires": {
        "path-to-regexp-wrap": "https://registry.npmjs.org/path-to-regexp-wrap/-/path-to-regexp-wrap-1.1.0.tgz"
      }
    },
    "dotenv": {
      "version": "https://registry.npmjs.org/dotenv/-/dotenv-4.0.0.tgz",
      "integrity": "sha1-hk7xN5rO1Vzm+V3r7NzhefegzR0="
    },
    "isarray": {
      "version": "https://registry.npmjs.org/isarray/-/isarray-0.0.1.tgz",
      "integrity": "sha1-ihis/Kmo9Bd+Cav8YDiTmwXR7t8="
    },
    "marchio-core-record": {
      "version": "0.1.3",
      "resolved": "https://registry.npmjs.org/marchio-core-record/-/marchio-core-record-0.1.3.tgz",
      "integrity": "sha1-1m/w8V6PjLZT+n3mxFgv5rickl8="
    },
    "marchio-lambda-put": {
      "version": "0.2.0",
      "resolved": "https://registry.npmjs.org/marchio-lambda-put/-/marchio-lambda-put-0.2.0.tgz",
      "integrity": "sha512-ZnAFqrELQVlZp05GMSucMvoXJ6y22tRi3yK3aZ8x/oD98JNHwiGbygyeWaPiAhuiUuxY08F+sgug5yNAfInGJw==",
      "requires": {
        "@mitchallen/lambda-adapter": "0.3.0",
        "dotenv": "https://registry.npmjs.org/dotenv/-/dotenv-4.0.0.tgz",
        "marchio-core-record": "0.1.3"
      }
    },
    "path-to-regexp": {
      "version": "https://registry.npmjs.org/path-to-regexp/-/path-to-regexp-1.7.0.tgz",
      "integrity": "sha1-Wf3g9DW62suhA6hOnTvGTpa5k30=",
      "requires": {
        "isarray": "https://registry.npmjs.org/isarray/-/isarray-0.0.1.tgz"
      }
    },
    "path-to-regexp-wrap": {
      "version": "https://registry.npmjs.org/path-to-regexp-wrap/-/path-to-regexp-wrap-1.1.0.tgz",
      "integrity": "sha1-wHwxP33Y7D1njmdjfUGfozMylT0=",
      "requires": {
        "path-to-regexp": "https://registry.npmjs.org/path-to-regexp/-/path-to-regexp-1.7.0.tgz"
      }
    }
  }
}
