{
  "name": "deploy-101",
  "version": "1.0.0",
  "lockfileVersion": 1,
  "requires": true,
  "dependencies": {
    "@mitchallen/lambda-adapter": {
      "version": "0.3.0",
      "resolved": "https://registry.npmjs.org/@mitchallen/lambda-adapter/-/lambda-adapter-0.3.0.tgz",
      "integrity": "sha1-CGwvU++vyBJ0VExzcL22Pp1nzX8=",
      "requires": {
        "path-to-regexp-wrap": "1.1.0"
      }
    },
    "dotenv": {
      "version": "4.0.0",
      "resolved": "https://registry.npmjs.org/dotenv/-/dotenv-4.0.0.tgz",
      "integrity": "sha1-hk7xN5rO1Vzm+V3r7NzhefegzR0="
    },
    "marchio-core-record": {
      "version": "0.1.3",
      "resolved": "https://registry.npmjs.org/marchio-core-record/-/marchio-core-record-0.1.3.tgz",
      "integrity": "sha1-1m/w8V6PjLZT+n3mxFgv5rickl8="
    },
    "marchio-lambda-put": {
      "version": "0.3.0",
      "resolved": "https://registry.npmjs.org/marchio-lambda-put/-/marchio-lambda-put-0.3.0.tgz",
      "integrity": "sha512-Pnh8hhMvy3NOYtfB4yxS2eJJnZgVvLp5s926SbrGnt88DkU3r+LpE2bM30OUboFQ8Y6irwnHiGjymWnAOuN3ug==",
      "requires": {
        "@mitchallen/lambda-adapter": "0.3.0",
        "dotenv": "4.0.0",
        "marchio-core-record": "0.1.3"
      }
    },
    "path-to-regexp": {
      "version": "2.1.0",
      "resolved": "https://registry.npmjs.org/path-to-regexp/-/path-to-regexp-2.1.0.tgz",
      "integrity": "sha512-dZY7QPCPp5r9cnNuQ955mOv4ZFVDXY/yvqeV7Y1W2PJA3PEFcuow9xKFfJxbBj1pIjOAP+M2B4/7xubmykLrXw=="
    },
    "path-to-regexp-wrap": {
      "version": "1.1.0",
      "resolved": "https://registry.npmjs.org/path-to-regexp-wrap/-/path-to-regexp-wrap-1.1.0.tgz",
      "integrity": "sha1-wHwxP33Y7D1njmdjfUGfozMylT0=",
      "requires": {
        "path-to-regexp": "2.1.0"
      }
    }
  }
}
